
Microsoft Visual Studio Solution File, Format Version 12.00
# Visual Studio Version 16
VisualStudioVersion = 16.0.30717.126
MinimumVisualStudioVersion = 10.0.40219.1
Project("{9A19103F-16F7-4668-BE54-9A1E7A4F7556}") = "Blazor", "Blazor.csproj", "{F9718595-6981-44DE-9A0F-934BA3487916}"
EndProject
Global
	GlobalSection(SolutionConfigurationPlatforms) = preSolution
		Debug|Any CPU = Debug|Any CPU
		Release|Any CPU = Release|Any CPU
	EndGlobalSection
	GlobalSection(ProjectConfigurationPlatforms) = postSolution
		{F9718595-6981-44DE-9A0F-934BA3487916}.Debug|Any CPU.ActiveCfg = Debug|Any CPU
		{F9718595-6981-44DE-9A0F-934BA3487916}.Debug|Any CPU.Build.0 = Debug|Any CPU
		{F9718595-6981-44DE-9A0F-934BA3487916}.Release|Any CPU.ActiveCfg = Release|Any CPU
		{F9718595-6981-44DE-9A0F-934BA3487916}.Release|Any CPU.Build.0 = Release|Any CPU
	EndGlobalSection
	GlobalSection(SolutionProperties) = preSolution
		HideSolutionNode = FALSE
	EndGlobalSection
	GlobalSection(ExtensibilityGlobals) = postSolution
		SolutionGuid = {C782BA35-8213-4210-B89D-0D5918A8EC3F}
	EndGlobalSection
EndGlobal
